
Microsoft Visual Studio Solution File, Format Version 12.00
Project("{FAE04EC0-301F-11D3-BF4B-00C04F79EFBC}") = "ATOUnlocker", "ATOUnlocker\ATOUnlocker.csproj", "{958E9560-0F64-4788-A0A6-BDC9E72CB871}"
EndProject
Global
	GlobalSection(SolutionConfigurationPlatforms) = preSolution
		Debug|Any CPU = Debug|Any CPU
		Release|Any CPU = Release|Any CPU
	EndGlobalSection
	GlobalSection(ProjectConfigurationPlatforms) = postSolution
		{958E9560-0F64-4788-A0A6-BDC9E72CB871}.Debug|Any CPU.ActiveCfg = Debug|Any CPU
		{958E9560-0F64-4788-A0A6-BDC9E72CB871}.Debug|Any CPU.Build.0 = Debug|Any CPU
		{958E9560-0F64-4788-A0A6-BDC9E72CB871}.Release|Any CPU.ActiveCfg = Release|Any CPU
		{958E9560-0F64-4788-A0A6-BDC9E72CB871}.Release|Any CPU.Build.0 = Release|Any CPU
	EndGlobalSection
EndGlobal
